{
    "beberlei/doctrineextensions": {
        "version": "v1.2.7"
    },
    "behat/transliterator": {
        "version": "v1.3.0"
    },
    "clue/stream-filter": {
        "version": "v1.4.1"
    },
    "composer/package-versions-deprecated": {
        "version": "1.11.99.5"
    },
    "composer/pcre": {
        "version": "1.0.0"
    },
    "composer/semver": {
        "version": "1.7.0"
    },
    "composer/xdebug-handler": {
        "version": "1.4.3"
    },
    "doctrine/annotations": {
        "version": "1.0",
        "recipe": {
            "repo": "github.com/symfony/recipes",
            "branch": "master",
            "version": "1.0",
            "ref": "a2759dd6123694c8d901d0ec80006e044c2e6457"
        },
        "files": [
            "config/routes/annotations.yaml"
        ]
    },
    "doctrine/cache": {
        "version": "1.10.2"
    },
    "doctrine/collections": {
        "version": "1.6.7"
    },
    "doctrine/common": {
        "version": "2.13.3"
    },
    "doctrine/data-fixtures": {
        "version": "1.4.4"
    },
    "doctrine/dbal": {
        "version": "2.10.4"
    },
    "doctrine/deprecations": {
        "version": "1.1",
        "recipe": {
            "repo": "github.com/symfony/recipes",
            "branch": "main",
            "version": "1.0",
            "ref": "87424683adc81d7dc305eefec1fced883084aab9"
        }
    },
    "doctrine/doctrine-bundle": {
        "version": "2.13",
        "recipe": {
            "repo": "github.com/symfony/recipes",
            "branch": "main",
            "version": "2.4",
            "ref": "eaa0b7647c0ec3dbdcf24ade4625f381aa23c027"
        },
        "files": [
            "config/packages/doctrine.yaml",
            "src/Entity/.gitignore",
            "src/Repository/.gitignore"
        ]
    },
    "doctrine/doctrine-fixtures-bundle": {
        "version": "3.4",
        "recipe": {
            "repo": "github.com/symfony/recipes",
            "branch": "master",
            "version": "3.0",
            "ref": "1f5514cfa15b947298df4d771e694e578d4c204d"
        },
        "files": [
            "src/DataFixtures/AppFixtures.php"
        ]
    },
    "doctrine/event-manager": {
        "version": "1.1.1"
    },
    "doctrine/inflector": {
        "version": "1.4.3"
    },
    "doctrine/instantiator": {
        "version": "1.3.1"
    },
    "doctrine/lexer": {
        "version": "1.2.1"
    },
    "doctrine/orm": {
        "version": "v2.7.3"
    },
    "doctrine/persistence": {
        "version": "1.3.8"
    },
    "doctrine/sql-formatter": {
        "version": "1.1.1"
    },
    "fossar/htmlawed": {
        "version": "1.2.7"
    },
    "friendsofphp/php-cs-fixer": {
        "version": "3.0",
        "recipe": {
            "repo": "github.com/symfony/recipes",
            "branch": "master",
            "version": "3.0",
            "ref": "be2103eb4a20942e28a6dd87736669b757132435"
        },
        "files": [
            ".php-cs-fixer.dist.php"
        ]
    },
    "gedmo/doctrine-extensions": {
        "version": "v2.4.42"
    },
    "guzzlehttp/guzzle": {
        "version": "6.5.5"
    },
    "guzzlehttp/promises": {
        "version": "v1.3.1"
    },
    "guzzlehttp/psr7": {
        "version": "1.6.1"
    },
    "j0k3r/graby": {
        "version": "v2.2.2"
    },
    "j0k3r/graby-site-config": {
        "version": "1.0.114"
    },
    "j0k3r/httplug-ssrf-plugin": {
        "version": "v2.0.1"
    },
    "j0k3r/php-imgur-api-client": {
        "version": "3.0.3"
    },
    "j0k3r/php-readability": {
        "version": "1.2.5"
    },
    "jean85/pretty-package-versions": {
        "version": "1.5.1"
    },
    "laminas/laminas-code": {
        "version": "3.4.1"
    },
    "masterminds/html5": {
        "version": "2.7.3"
    },
    "monolog/monolog": {
        "version": "1.25.5"
    },
    "nikic/php-parser": {
        "version": "v4.10.1"
    },
    "php-cs-fixer/diff": {
        "version": "v1.3.0"
    },
    "php-http/client-common": {
        "version": "2.3.0"
    },
    "php-http/discovery": {
        "version": "1.19",
        "recipe": {
            "repo": "github.com/symfony/recipes",
            "branch": "main",
            "version": "1.18",
            "ref": "f45b5dd173a27873ab19f5e3180b2f661c21de02"
        },
        "files": [
            "config/packages/http_discovery.yaml"
        ]
    },
    "php-http/guzzle7-adapter": {
        "version": "1.0.0"
    },
    "php-http/httplug": {
        "version": "2.2.0"
    },
    "php-http/httplug-bundle": {
        "version": "1.6",
        "recipe": {
            "repo": "github.com/symfony/recipes-contrib",
            "branch": "master",
            "version": "1.6",
            "ref": "87b3d491d593d2c6e3b90bf0689ac69a188bfa5f"
        },
        "files": [
            "config/packages/httplug.yaml"
        ]
    },
    "php-http/logger-plugin": {
        "version": "1.2.0"
    },
    "php-http/message": {
        "version": "1.9.0"
    },
    "php-http/message-factory": {
        "version": "v1.0.2"
    },
    "php-http/mock-client": {
        "version": "1.4.1"
    },
    "php-http/promise": {
        "version": "1.1.0"
    },
    "php-http/stopwatch-plugin": {
        "version": "1.3.0"
    },
    "phpstan/extension-installer": {
        "version": "1.0.5"
    },
    "phpstan/phpstan": {
        "version": "0.11.19"
    },
    "phpstan/phpstan-deprecation-rules": {
        "version": "0.12.5"
    },
    "phpstan/phpstan-doctrine": {
        "version": "0.11.6"
    },
    "phpstan/phpstan-phpunit": {
        "version": "0.11.2"
    },
    "phpstan/phpstan-symfony": {
        "version": "0.11.6"
    },
    "psr/cache": {
        "version": "1.0.1"
    },
    "psr/container": {
        "version": "1.0.0"
    },
    "psr/event-dispatcher": {
        "version": "1.0.0"
    },
    "psr/http-client": {
        "version": "1.0.1"
    },
    "psr/http-factory": {
        "version": "1.0.1"
    },
    "psr/http-message": {
        "version": "1.0.1"
    },
    "psr/log": {
        "version": "1.1.3"
    },
    "ralouphie/getallheaders": {
        "version": "3.0.3"
    },
    "ricardoper/twitteroauth": {
        "version": "v1.1.1"
    },
    "sensio/framework-extra-bundle": {
        "version": "5.2",
        "recipe": {
            "repo": "github.com/symfony/recipes",
            "branch": "master",
            "version": "5.2",
            "ref": "fb7e19da7f013d0d422fa9bce16f5c510e27609b"
        },
        "files": [
            "config/packages/sensio_framework_extra.yaml"
        ]
    },
    "sentry/sentry": {
        "version": "2.5.0"
    },
    "sentry/sentry-symfony": {
        "version": "5.6",
        "recipe": {
            "repo": "github.com/symfony/recipes-contrib",
            "branch": "main",
            "version": "5.0",
            "ref": "b6cb4b34429dadecd7187852123be19d628fa37a"
        },
        "files": [
            "config/packages/sentry.yaml"
        ]
    },
    "simplepie/simplepie": {
        "version": "1.5.5"
    },
    "smalot/pdfparser": {
        "version": "v0.16.2"
    },
    "stof/doctrine-extensions-bundle": {
        "version": "1.7",
        "recipe": {
            "repo": "github.com/symfony/recipes-contrib",
            "branch": "master",
            "version": "1.2",
            "ref": "e805aba9eff5372e2d149a9ff56566769e22819d"
        },
        "files": [
            "config/packages/stof_doctrine_extensions.yaml"
        ]
    },
    "symfony/amqp-messenger": {
        "version": "v5.1.6"
    },
    "symfony/asset": {
        "version": "v4.4.13"
    },
    "symfony/browser-kit": {
        "version": "v4.4.13"
    },
    "symfony/cache": {
        "version": "v4.4.13"
    },
    "symfony/cache-contracts": {
        "version": "v2.2.0"
    },
    "symfony/config": {
        "version": "v4.4.13"
    },
    "symfony/console": {
        "version": "5.4",
        "recipe": {
            "repo": "github.com/symfony/recipes",
            "branch": "main",
            "version": "5.3",
            "ref": "1781ff40d8a17d87cf53f8d4cf0c8346ed2bb461"
        },
        "files": [
            "bin/console"
        ]
    },
    "symfony/css-selector": {
        "version": "v4.4.13"
    },
    "symfony/debug-bundle": {
        "version": "5.4",
        "recipe": {
            "repo": "github.com/symfony/recipes",
            "branch": "master",
            "version": "5.3",
            "ref": "5aa8aa48234c8eb6dbdd7b3cd5d791485d2cec4b"
        },
        "files": [
            "config/packages/debug.yaml"
        ]
    },
    "symfony/dependency-injection": {
        "version": "v4.4.13"
    },
    "symfony/deprecation-contracts": {
        "version": "v2.2.0"
    },
    "symfony/doctrine-bridge": {
        "version": "v4.4.13"
    },
    "symfony/doctrine-messenger": {
        "version": "v5.1.6"
    },
    "symfony/dom-crawler": {
        "version": "v4.4.13"
    },
    "symfony/dotenv": {
        "version": "v4.4.13"
    },
    "symfony/error-handler": {
        "version": "v4.4.13"
    },
    "symfony/event-dispatcher": {
        "version": "v4.4.13"
    },
    "symfony/event-dispatcher-contracts": {
        "version": "v1.1.9"
    },
    "symfony/filesystem": {
        "version": "v5.1.5"
    },
    "symfony/finder": {
        "version": "v4.4.13"
    },
    "symfony/flex": {
        "version": "1.19",
        "recipe": {
            "repo": "github.com/symfony/recipes",
            "branch": "main",
            "version": "1.0",
            "ref": "146251ae39e06a95be0fe3d13c807bcf3938b172"
        },
        "files": [
            ".env"
        ]
    },
    "symfony/form": {
        "version": "v4.4.13"
    },
    "symfony/framework-bundle": {
        "version": "5.4",
        "recipe": {
            "repo": "github.com/symfony/recipes",
            "branch": "master",
            "version": "5.4",
            "ref": "3cd216a4d007b78d8554d44a5b1c0a446dab24fb"
        },
        "files": [
            "config/packages/cache.yaml",
            "config/packages/framework.yaml",
            "config/preload.php",
            "config/routes/framework.yaml",
            "config/services.yaml",
            "public/index.php",
            "src/Controller/.gitignore",
            "src/Kernel.php"
        ]
    },
    "symfony/http-foundation": {
        "version": "v5.1.5"
    },
    "symfony/http-kernel": {
        "version": "v4.4.13"
    },
    "symfony/lock": {
        "version": "5.4",
        "recipe": {
            "repo": "github.com/symfony/recipes",
            "branch": "main",
            "version": "5.2",
            "ref": "8e937ff2b4735d110af1770f242c1107fdab4c8e"
        },
        "files": [
            "config/packages/lock.yaml"
        ]
    },
    "symfony/maker-bundle": {
        "version": "1.0",
        "recipe": {
            "repo": "github.com/symfony/recipes",
            "branch": "master",
            "version": "1.0",
            "ref": "fadbfe33303a76e25cb63401050439aa9b1a9c7f"
        }
    },
    "symfony/messenger": {
        "version": "5.4",
        "recipe": {
            "repo": "github.com/symfony/recipes",
            "branch": "main",
            "version": "5.4",
            "ref": "8bd5f27013fb1d7217191c548e340f0bdb11912c"
        },
        "files": [
            "config/packages/messenger.yaml"
        ]
    },
    "symfony/monolog-bridge": {
        "version": "v5.1.5"
    },
    "symfony/monolog-bundle": {
        "version": "3.10",
        "recipe": {
            "repo": "github.com/symfony/recipes",
            "branch": "main",
            "version": "3.7",
            "ref": "aff23899c4440dd995907613c1dd709b6f59503f"
        },
        "files": [
            "config/packages/monolog.yaml"
        ]
    },
    "symfony/options-resolver": {
        "version": "v5.1.5"
    },
    "symfony/password-hasher": {
        "version": "v5.3.0"
    },
    "symfony/phpunit-bridge": {
        "version": "7.0",
        "recipe": {
            "repo": "github.com/symfony/recipes",
            "branch": "main",
            "version": "6.3",
            "ref": "a411a0480041243d97382cac7984f7dce7813c08"
        },
        "files": [
            ".env.test",
            "bin/phpunit",
            "phpunit.xml.dist",
            "tests/bootstrap.php"
        ]
    },
    "symfony/polyfill-ctype": {
        "version": "v1.18.1"
    },
    "symfony/polyfill-intl-grapheme": {
        "version": "v1.18.1"
    },
    "symfony/polyfill-intl-icu": {
        "version": "v1.18.1"
    },
    "symfony/polyfill-intl-normalizer": {
        "version": "v1.18.1"
    },
    "symfony/polyfill-mbstring": {
        "version": "v1.18.1"
    },
    "symfony/polyfill-php72": {
        "version": "v1.18.1"
    },
    "symfony/polyfill-php73": {
        "version": "v1.18.1"
    },
    "symfony/polyfill-php80": {
        "version": "v1.18.1"
    },
    "symfony/polyfill-php81": {
        "version": "v1.23.0"
    },
    "symfony/process": {
        "version": "v5.1.5"
    },
    "symfony/property-access": {
        "version": "v4.4.13"
    },
    "symfony/property-info": {
        "version": "v5.1.5"
    },
    "symfony/psr-http-message-bridge": {
        "version": "v2.1.2"
    },
    "symfony/redis-messenger": {
        "version": "v5.1.6"
    },
    "symfony/routing": {
        "version": "5.4",
        "recipe": {
            "repo": "github.com/symfony/recipes",
            "branch": "master",
            "version": "5.3",
            "ref": "85de1d8ae45b284c3c84b668171d2615049e698f"
        },
        "files": [
            "config/packages/routing.yaml",
            "config/routes.yaml"
        ]
    },
    "symfony/runtime": {
        "version": "v5.3.0"
    },
    "symfony/security-bundle": {
        "version": "5.4",
        "recipe": {
            "repo": "github.com/symfony/recipes",
            "branch": "master",
            "version": "5.3",
            "ref": "98f1f2b0d635908c2b40f3675da2d23b1a069d30"
        },
        "files": [
            "config/packages/security.yaml"
        ]
    },
    "symfony/security-core": {
        "version": "v5.1.5"
    },
    "symfony/security-csrf": {
        "version": "v4.4.13"
    },
    "symfony/security-guard": {
        "version": "v4.4.13"
    },
    "symfony/security-http": {
        "version": "v4.4.13"
    },
    "symfony/service-contracts": {
        "version": "v2.2.0"
    },
    "symfony/stopwatch": {
        "version": "v5.1.5"
    },
    "symfony/string": {
        "version": "v5.1.5"
    },
    "symfony/translation": {
        "version": "5.4",
        "recipe": {
            "repo": "github.com/symfony/recipes",
            "branch": "main",
            "version": "5.3",
            "ref": "e28e27f53663cc34f0be2837aba18e3a1bef8e7b"
        },
        "files": [
            "config/packages/translation.yaml",
            "translations/.gitignore"
        ]
    },
    "symfony/translation-contracts": {
        "version": "v2.2.0"
    },
    "symfony/twig-bridge": {
        "version": "v4.4.13"
    },
    "symfony/twig-bundle": {
        "version": "5.4",
        "recipe": {
            "repo": "github.com/symfony/recipes",
            "branch": "master",
            "version": "5.4",
            "ref": "bb2178c57eee79e6be0b297aa96fc0c0def81387"
        },
        "files": [
            "config/packages/twig.yaml",
            "templates/base.html.twig"
        ]
    },
    "symfony/validator": {
        "version": "5.4",
        "recipe": {
            "repo": "github.com/symfony/recipes",
            "branch": "master",
            "version": "5.3",
            "ref": "c32cfd98f714894c4f128bb99aa2530c1227603c"
        },
        "files": [
            "config/packages/validator.yaml"
        ]
    },
    "symfony/var-dumper": {
        "version": "v5.1.5"
    },
    "symfony/var-exporter": {
        "version": "v5.1.5"
    },
    "symfony/web-profiler-bundle": {
        "version": "5.4",
        "recipe": {
            "repo": "github.com/symfony/recipes",
            "branch": "master",
            "version": "5.3",
            "ref": "24bbc3d84ef2f427f82104f766014e799eefcc3e"
        },
        "files": [
            "config/packages/web_profiler.yaml",
            "config/routes/web_profiler.yaml"
        ]
    },
    "symfony/webpack-encore-bundle": {
        "version": "1.17",
        "recipe": {
            "repo": "github.com/symfony/recipes",
            "branch": "main",
            "version": "1.10",
            "ref": "6642c5eeebbd06268826e7f9fbee721cba1d7d77"
        },
        "files": [
            "assets/app.js",
            "assets/bootstrap.js",
            "assets/controllers.json",
            "assets/controllers/hello_controller.js",
            "assets/styles/app.css",
            "config/packages/webpack_encore.yaml",
            "package.json",
            "webpack.config.js"
        ]
    },
    "symfony/yaml": {
        "version": "v4.4.13"
    },
    "twig/extra-bundle": {
        "version": "v3.0.5"
    },
    "twig/twig": {
        "version": "v2.13.1"
    }
}
